
Microsoft Visual Studio Solution File, Format Version 12.00
# Visual Studio 15
VisualStudioVersion = 15.0.28307.539
MinimumVisualStudioVersion = 10.0.40219.1
Project("{FAE04EC0-301F-11D3-BF4B-00C04F79EFBC}") = "X-032-P_Dev-strucklecda-hayslipco-SpicyInvaders", "X-032-P_Dev-strucklecda-hayslipco-SpicyInvaders\X-032-P_Dev-strucklecda-hayslipco-SpicyInvaders.csproj", "{6F0E1507-D96A-4D19-9615-CD83DFA9AC2B}"
EndProject
Project("{FAE04EC0-301F-11D3-BF4B-00C04F79EFBC}") = "SpicyInvadersTests", "SpicyInvadersTests\SpicyInvadersTests.csproj", "{EB0D8E3A-3248-45B2-8A4F-BE27466C2A74}"
EndProject
Global
	GlobalSection(SolutionConfigurationPlatforms) = preSolution
		Debug|Any CPU = Debug|Any CPU
		Release|Any CPU = Release|Any CPU
	EndGlobalSection
	GlobalSection(ProjectConfigurationPlatforms) = postSolution
		{6F0E1507-D96A-4D19-9615-CD83DFA9AC2B}.Debug|Any CPU.ActiveCfg = Debug|Any CPU
		{6F0E1507-D96A-4D19-9615-CD83DFA9AC2B}.Debug|Any CPU.Build.0 = Debug|Any CPU
		{6F0E1507-D96A-4D19-9615-CD83DFA9AC2B}.Release|Any CPU.ActiveCfg = Release|Any CPU
		{6F0E1507-D96A-4D19-9615-CD83DFA9AC2B}.Release|Any CPU.Build.0 = Release|Any CPU
		{EB0D8E3A-3248-45B2-8A4F-BE27466C2A74}.Debug|Any CPU.ActiveCfg = Debug|Any CPU
		{EB0D8E3A-3248-45B2-8A4F-BE27466C2A74}.Debug|Any CPU.Build.0 = Debug|Any CPU
		{EB0D8E3A-3248-45B2-8A4F-BE27466C2A74}.Release|Any CPU.ActiveCfg = Release|Any CPU
		{EB0D8E3A-3248-45B2-8A4F-BE27466C2A74}.Release|Any CPU.Build.0 = Release|Any CPU
	EndGlobalSection
	GlobalSection(SolutionProperties) = preSolution
		HideSolutionNode = FALSE
	EndGlobalSection
	GlobalSection(ExtensibilityGlobals) = postSolution
		SolutionGuid = {A50B0992-CEEE-4CC3-BF58-4187770F8BBC}
	EndGlobalSection
EndGlobal
