
Microsoft Visual Studio Solution File, Format Version 12.00
# Visual Studio 15
VisualStudioVersion = 15.0.28307.271
MinimumVisualStudioVersion = 10.0.40219.1
Project("{FAE04EC0-301F-11D3-BF4B-00C04F79EFBC}") = "InheritanceVaders", "InheritanceVaders\InheritanceVaders.csproj", "{08FFFB47-E097-4647-8847-9DDAD448176D}"
EndProject
Project("{FAE04EC0-301F-11D3-BF4B-00C04F79EFBC}") = "InheritanceVadersTests", "InheritanceVadersTests\InheritanceVadersTests.csproj", "{EB0D8E3A-3248-45B2-8A4F-BE27466C2A74}"
EndProject
Global
	GlobalSection(SolutionConfigurationPlatforms) = preSolution
		Debug|Any CPU = Debug|Any CPU
		Release|Any CPU = Release|Any CPU
	EndGlobalSection
	GlobalSection(ProjectConfigurationPlatforms) = postSolution
		{08FFFB47-E097-4647-8847-9DDAD448176D}.Debug|Any CPU.ActiveCfg = Debug|Any CPU
		{08FFFB47-E097-4647-8847-9DDAD448176D}.Debug|Any CPU.Build.0 = Debug|Any CPU
		{08FFFB47-E097-4647-8847-9DDAD448176D}.Release|Any CPU.ActiveCfg = Release|Any CPU
		{08FFFB47-E097-4647-8847-9DDAD448176D}.Release|Any CPU.Build.0 = Release|Any CPU
		{EB0D8E3A-3248-45B2-8A4F-BE27466C2A74}.Debug|Any CPU.ActiveCfg = Debug|Any CPU
		{EB0D8E3A-3248-45B2-8A4F-BE27466C2A74}.Debug|Any CPU.Build.0 = Debug|Any CPU
		{EB0D8E3A-3248-45B2-8A4F-BE27466C2A74}.Release|Any CPU.ActiveCfg = Release|Any CPU
		{EB0D8E3A-3248-45B2-8A4F-BE27466C2A74}.Release|Any CPU.Build.0 = Release|Any CPU
	EndGlobalSection
	GlobalSection(SolutionProperties) = preSolution
		HideSolutionNode = FALSE
	EndGlobalSection
	GlobalSection(ExtensibilityGlobals) = postSolution
		SolutionGuid = {045B8BE0-176E-411A-A950-41ADFC99E1C6}
	EndGlobalSection
EndGlobal
